// !$*UTF8*$!
{
	archiveVersion = 1;
	classes = {
	};
	objectVersion = 56;
	objects = {

/* Begin PBXBuildFile section */
		97E3CB3B2AE16010001ED8E6 /* AppDelegate.swift in Sources */ = {isa = PBXBuildFile; fileRef = 97E3CB3A2AE16010001ED8E6 /* AppDelegate.swift */; };
		97E3CB3D2AE16010001ED8E6 /* SceneDelegate.swift in Sources */ = {isa = PBXBuildFile; fileRef = 97E3CB3C2AE16010001ED8E6 /* SceneDelegate.swift */; };
		97E3CB422AE16011001ED8E6 /* Main.storyboard in Resources */ = {isa = PBXBuildFile; fileRef = 97E3CB402AE16011001ED8E6 /* Main.storyboard */; };
		97E3CB442AE16015001ED8E6 /* Assets.xcassets in Resources */ = {isa = PBXBuildFile; fileRef = 97E3CB432AE16015001ED8E6 /* Assets.xcassets */; };
		97E3CB472AE16015001ED8E6 /* LaunchScreen.storyboard in Resources */ = {isa = PBXBuildFile; fileRef = 97E3CB452AE16015001ED8E6 /* LaunchScreen.storyboard */; };
		97E3CB4F2AE1603C001ED8E6 /* MenuViewController.swift in Sources */ = {isa = PBXBuildFile; fileRef = 97E3CB4E2AE1603C001ED8E6 /* MenuViewController.swift */; };
		97E3CB512AE1604F001ED8E6 /* GameViewController.swift in Sources */ = {isa = PBXBuildFile; fileRef = 97E3CB502AE1604F001ED8E6 /* GameViewController.swift */; };
		97E3CB532AE16065001ED8E6 /* EndgameViewController.swift in Sources */ = {isa = PBXBuildFile; fileRef = 97E3CB522AE16065001ED8E6 /* EndgameViewController.swift */; };
/* End PBXBuildFile section */

/* Begin PBXFileReference section */
		97E3CB372AE16010001ED8E6 /* Clicker Game.app */ = {isa = PBXFileReference; explicitFileType = wrapper.application; includeInIndex = 0; path = "Clicker Game.app"; sourceTree = BUILT_PRODUCTS_DIR; };
		97E3CB3A2AE16010001ED8E6 /* AppDelegate.swift */ = {isa = PBXFileReference; lastKnownFileType = sourcecode.swift; path = AppDelegate.swift; sourceTree = "<group>"; };
		97E3CB3C2AE16010001ED8E6 /* SceneDelegate.swift */ = {isa = PBXFileReference; lastKnownFileType = sourcecode.swift; path = SceneDelegate.swift; sourceTree = "<group>"; };
		97E3CB412AE16011001ED8E6 /* Base */ = {isa = PBXFileReference; lastKnownFileType = file.storyboard; name = Base; path = Base.lproj/Main.storyboard; sourceTree = "<group>"; };
		97E3CB432AE16015001ED8E6 /* Assets.xcassets */ = {isa = PBXFileReference; lastKnownFileType = folder.assetcatalog; path = Assets.xcassets; sourceTree = "<group>"; };
		97E3CB462AE16015001ED8E6 /* Base */ = {isa = PBXFileReference; lastKnownFileType = file.storyboard; name = Base; path = Base.lproj/LaunchScreen.storyboard; sourceTree = "<group>"; };
		97E3CB482AE16015001ED8E6 /* Info.plist */ = {isa = PBXFileReference; lastKnownFileType = text.plist.xml; path = Info.plist; sourceTree = "<group>"; };
		97E3CB4E2AE1603C001ED8E6 /* MenuViewController.swift */ = {isa = PBXFileReference; lastKnownFileType = sourcecode.swift; path = MenuViewController.swift; sourceTree = "<group>"; };
		97E3CB502AE1604F001ED8E6 /* GameViewController.swift */ = {isa = PBXFileReference; lastKnownFileType = sourcecode.swift; path = GameViewController.swift; sourceTree = "<group>"; };
		97E3CB522AE16065001ED8E6 /* EndgameViewController.swift */ = {isa = PBXFileReference; lastKnownFileType = sourcecode.swift; path = EndgameViewController.swift; sourceTree = "<group>"; };
/* End PBXFileReference section */

/* Begin PBXFrameworksBuildPhase section */
		97E3CB342AE16010001ED8E6 /* Frameworks */ = {
			isa = PBXFrameworksBuildPhase;
			buildActionMask = 2147483647;
			files = (
			);
			runOnlyForDeploymentPostprocessing = 0;
		};
/* End PBXFrameworksBuildPhase section */

/* Begin PBXGroup section */
		97E3CB2E2AE16010001ED8E6 = {
			isa = PBXGroup;
			children = (
				97E3CB392AE16010001ED8E6 /* Clicker Game */,
				97E3CB382AE16010001ED8E6 /* Products */,
			);
			sourceTree = "<group>";
		};
		97E3CB382AE16010001ED8E6 /* Products */ = {
			isa = PBXGroup;
			children = (
				97E3CB372AE16010001ED8E6 /* Clicker Game.app */,
			);
			name = Products;
			sourceTree = "<group>";
		};
		97E3CB392AE16010001ED8E6 /* Clicker Game */ = {
			isa = PBXGroup;
			children = (
				97E3CB3A2AE16010001ED8E6 /* AppDelegate.swift */,
				97E3CB3C2AE16010001ED8E6 /* SceneDelegate.swift */,
				97E3CB402AE16011001ED8E6 /* Main.storyboard */,
				97E3CB432AE16015001ED8E6 /* Assets.xcassets */,
				97E3CB452AE16015001ED8E6 /* LaunchScreen.storyboard */,
				97E3CB482AE16015001ED8E6 /* Info.plist */,
				97E3CB4E2AE1603C001ED8E6 /* MenuViewController.swift */,
				97E3CB502AE1604F001ED8E6 /* GameViewController.swift */,
				97E3CB522AE16065001ED8E6 /* EndgameViewController.swift */,
			);
			path = "Clicker Game";
			sourceTree = "<group>";
		};
/* End PBXGroup section */

/* Begin PBXNativeTarget section */
		97E3CB362AE16010001ED8E6 /* Clicker Game */ = {
			isa = PBXNativeTarget;
			buildConfigurationList = 97E3CB4B2AE16015001ED8E6 /* Build configuration list for PBXNativeTarget "Clicker Game" */;
			buildPhases = (
				97E3CB332AE16010001ED8E6 /* Sources */,
				97E3CB342AE16010001ED8E6 /* Frameworks */,
				97E3CB352AE16010001ED8E6 /* Resources */,
			);
			buildRules = (
			);
			dependencies = (
			);
			name = "Clicker Game";
			productName = "Clicker Game";
			productReference = 97E3CB372AE16010001ED8E6 /* Clicker Game.app */;
			productType = "com.apple.product-type.application";
		};
/* End PBXNativeTarget section */

/* Begin PBXProject section */
		97E3CB2F2AE16010001ED8E6 /* Project object */ = {
			isa = PBXProject;
			attributes = {
				BuildIndependentTargetsInParallel = 1;
				LastSwiftUpdateCheck = 1500;
				LastUpgradeCheck = 1500;
				TargetAttributes = {
					97E3CB362AE16010001ED8E6 = {
						CreatedOnToolsVersion = 15.0;
					};
				};
			};
			buildConfigurationList = 97E3CB322AE16010001ED8E6 /* Build configuration list for PBXProject "Clicker Game" */;
			compatibilityVersion = "Xcode 14.0";
			developmentRegion = en;
			hasScannedForEncodings = 0;
			knownRegions = (
				en,
				Base,
			);
			mainGroup = 97E3CB2E2AE16010001ED8E6;
			productRefGroup = 97E3CB382AE16010001ED8E6 /* Products */;
			projectDirPath = "";
			projectRoot = "";
			targets = (
				97E3CB362AE16010001ED8E6 /* Clicker Game */,
			);
		};
/* End PBXProject section */

/* Begin PBXResourcesBuildPhase section */
		97E3CB352AE16010001ED8E6 /* Resources */ = {
			isa = PBXResourcesBuildPhase;
			buildActionMask = 2147483647;
			files = (
				97E3CB472AE16015001ED8E6 /* LaunchScreen.storyboard in Resources */,
				97E3CB442AE16015001ED8E6 /* Assets.xcassets in Resources */,
				97E3CB422AE16011001ED8E6 /* Main.storyboard in Resources */,
			);
			runOnlyForDeploymentPostprocessing = 0;
		};
/* End PBXResourcesBuildPhase section */

/* Begin PBXSourcesBuildPhase section */
		97E3CB332AE16010001ED8E6 /* Sources */ = {
			isa = PBXSourcesBuildPhase;
			buildActionMask = 2147483647;
			files = (
				97E3CB512AE1604F001ED8E6 /* GameViewController.swift in Sources */,
				97E3CB3B2AE16010001ED8E6 /* AppDelegate.swift in Sources */,
				97E3CB3D2AE16010001ED8E6 /* SceneDelegate.swift in Sources */,
				97E3CB532AE16065001ED8E6 /* EndgameViewController.swift in Sources */,
				97E3CB4F2AE1603C001ED8E6 /* MenuViewController.swift in Sources */,
			);
			runOnlyForDeploymentPostprocessing = 0;
		};
/* End PBXSourcesBuildPhase section */

/* Begin PBXVariantGroup section */
		97E3CB402AE16011001ED8E6 /* Main.storyboard */ = {
			isa = PBXVariantGroup;
			children = (
				97E3CB412AE16011001ED8E6 /* Base */,
			);
			name = Main.storyboard;
			sourceTree = "<group>";
		};
		97E3CB452AE16015001ED8E6 /* LaunchScreen.storyboard */ = {
			isa = PBXVariantGroup;
			children = (
				97E3CB462AE16015001ED8E6 /* Base */,
			);
			name = LaunchScreen.storyboard;
			sourceTree = "<group>";
		};
/* End PBXVariantGroup section */

/* Begin XCBuildConfiguration section */
		97E3CB492AE16015001ED8E6 /* Debug */ = {
			isa = XCBuildConfiguration;
			buildSettings = {
				ALWAYS_SEARCH_USER_PATHS = NO;
				ASSETCATALOG_COMPILER_GENERATE_SWIFT_ASSET_SYMBOL_EXTENSIONS = YES;
				CLANG_ANALYZER_NONNULL = YES;
				CLANG_ANALYZER_NUMBER_OBJECT_CONVERSION = YES_AGGRESSIVE;
				CLANG_CXX_LANGUAGE_STANDARD = "gnu++20";
				CLANG_ENABLE_MODULES = YES;
				CLANG_ENABLE_OBJC_ARC = YES;
				CLANG_ENABLE_OBJC_WEAK = YES;
				CLANG_WARN_BLOCK_CAPTURE_AUTORELEASING = YES;
				CLANG_WARN_BOOL_CONVERSION = YES;
				CLANG_WARN_COMMA = YES;
				CLANG_WARN_CONSTANT_CONVERSION = YES;
				CLANG_WARN_DEPRECATED_OBJC_IMPLEMENTATIONS = YES;
				CLANG_WARN_DIRECT_OBJC_ISA_USAGE = YES_ERROR;
				CLANG_WARN_DOCUMENTATION_COMMENTS = YES;
				CLANG_WARN_EMPTY_BODY = YES;
				CLANG_WARN_ENUM_CONVERSION = YES;
				CLANG_WARN_INFINITE_RECURSION = YES;
				CLANG_WARN_INT_CONVERSION = YES;
				CLANG_WARN_NON_LITERAL_NULL_CONVERSION = YES;
				CLANG_WARN_OBJC_IMPLICIT_RETAIN_SELF = YES;
				CLANG_WARN_OBJC_LITERAL_CONVERSION = YES;
				CLANG_WARN_OBJC_ROOT_CLASS = YES_ERROR;
				CLANG_WARN_QUOTED_INCLUDE_IN_FRAMEWORK_HEADER = YES;
				CLANG_WARN_RANGE_LOOP_ANALYSIS = YES;
				CLANG_WARN_STRICT_PROTOTYPES = YES;
				CLANG_WARN_SUSPICIOUS_MOVE = YES;
				CLANG_WARN_UNGUARDED_AVAILABILITY = YES_AGGRESSIVE;
				CLANG_WARN_UNREACHABLE_CODE = YES;
				CLANG_WARN__DUPLICATE_METHOD_MATCH = YES;
				COPY_PHASE_STRIP = NO;
				DEBUG_INFORMATION_FORMAT = dwarf;
				ENABLE_STRICT_OBJC_MSGSEND = YES;
				ENABLE_TESTABILITY = YES;
				ENABLE_USER_SCRIPT_SANDBOXING = YES;
				GCC_C_LANGUAGE_STANDARD = gnu17;
				GCC_DYNAMIC_NO_PIC = NO;
				GCC_NO_COMMON_BLOCKS = YES;
				GCC_OPTIMIZATION_LEVEL = 0;
				GCC_PREPROCESSOR_DEFINITIONS = (
					"DEBUG=1",
					"$(inherited)",
				);
				GCC_WARN_64_TO_32_BIT_CONVERSION = YES;
				GCC_WARN_ABOUT_RETURN_TYPE = YES_ERROR;
				GCC_WARN_UNDECLARED_SELECTOR = YES;
				GCC_WARN_UNINITIALIZED_AUTOS = YES_AGGRESSIVE;
				GCC_WARN_UNUSED_FUNCTION = YES;
				GCC_WARN_UNUSED_VARIABLE = YES;
				IPHONEOS_DEPLOYMENT_TARGET = 17.0;
				LOCALIZATION_PREFERS_STRING_CATALOGS = YES;
				MTL_ENABLE_DEBUG_INFO = INCLUDE_SOURCE;
				MTL_FAST_MATH = YES;
				ONLY_ACTIVE_ARCH = YES;
				SDKROOT = iphoneos;
				SWIFT_ACTIVE_COMPILATION_CONDITIONS = "DEBUG $(inherited)";
				SWIFT_OPTIMIZATION_LEVEL = "-Onone";
			};
			name = Debug;
		};
		97E3CB4A2AE16015001ED8E6 /* Release */ = {
			isa = XCBuildConfiguration;
			buildSettings = {
				ALWAYS_SEARCH_USER_PATHS = NO;
				ASSETCATALOG_COMPILER_GENERATE_SWIFT_ASSET_SYMBOL_EXTENSIONS = YES;
				CLANG_ANALYZER_NONNULL = YES;
				CLANG_ANALYZER_NUMBER_OBJECT_CONVERSION = YES_AGGRESSIVE;
				CLANG_CXX_LANGUAGE_STANDARD = "gnu++20";
				CLANG_ENABLE_MODULES = YES;
				CLANG_ENABLE_OBJC_ARC = YES;
				CLANG_ENABLE_OBJC_WEAK = YES;
				CLANG_WARN_BLOCK_CAPTURE_AUTORELEASING = YES;
				CLANG_WARN_BOOL_CONVERSION = YES;
				CLANG_WARN_COMMA = YES;
				CLANG_WARN_CONSTANT_CONVERSION = YES;
				CLANG_WARN_DEPRECATED_OBJC_IMPLEMENTATIONS = YES;
				CLANG_WARN_DIRECT_OBJC_ISA_USAGE = YES_ERROR;
				CLANG_WARN_DOCUMENTATION_COMMENTS = YES;
				CLANG_WARN_EMPTY_BODY = YES;
				CLANG_WARN_ENUM_CONVERSION = YES;
				CLANG_WARN_INFINITE_RECURSION = YES;
				CLANG_WARN_INT_CONVERSION = YES;
				CLANG_WARN_NON_LITERAL_NULL_CONVERSION = YES;
				CLANG_WARN_OBJC_IMPLICIT_RETAIN_SELF = YES;
				CLANG_WARN_OBJC_LITERAL_CONVERSION = YES;
				CLANG_WARN_OBJC_ROOT_CLASS = YES_ERROR;
				CLANG_WARN_QUOTED_INCLUDE_IN_FRAMEWORK_HEADER = YES;
				CLANG_WARN_RANGE_LOOP_ANALYSIS = YES;
				CLANG_WARN_STRICT_PROTOTYPES = YES;
				CLANG_WARN_SUSPICIOUS_MOVE = YES;
				CLANG_WARN_UNGUARDED_AVAILABILITY = YES_AGGRESSIVE;
				CLANG_WARN_UNREACHABLE_CODE = YES;
				CLANG_WARN__DUPLICATE_METHOD_MATCH = YES;
				COPY_PHASE_STRIP = NO;
				DEBUG_INFORMATION_FORMAT = "dwarf-with-dsym";
				ENABLE_NS_ASSERTIONS = NO;
				ENABLE_STRICT_OBJC_MSGSEND = YES;
				ENABLE_USER_SCRIPT_SANDBOXING = YES;
				GCC_C_LANGUAGE_STANDARD = gnu17;
				GCC_NO_COMMON_BLOCKS = YES;
				GCC_WARN_64_TO_32_BIT_CONVERSION = YES;
				GCC_WARN_ABOUT_RETURN_TYPE = YES_ERROR;
				GCC_WARN_UNDECLARED_SELECTOR = YES;
				GCC_WARN_UNINITIALIZED_AUTOS = YES_AGGRESSIVE;
				GCC_WARN_UNUSED_FUNCTION = YES;
				GCC_WARN_UNUSED_VARIABLE = YES;
				IPHONEOS_DEPLOYMENT_TARGET = 17.0;
				LOCALIZATION_PREFERS_STRING_CATALOGS = YES;
				MTL_ENABLE_DEBUG_INFO = NO;
				MTL_FAST_MATH = YES;
				SDKROOT = iphoneos;
				SWIFT_COMPILATION_MODE = wholemodule;
				VALIDATE_PRODUCT = YES;
			};
			name = Release;
		};
		97E3CB4C2AE16015001ED8E6 /* Debug */ = {
			isa = XCBuildConfiguration;
			buildSettings = {
				ASSETCATALOG_COMPILER_APPICON_NAME = AppIcon;
				ASSETCATALOG_COMPILER_GLOBAL_ACCENT_COLOR_NAME = AccentColor;
				CODE_SIGN_STYLE = Automatic;
				CURRENT_PROJECT_VERSION = 1;
				GENERATE_INFOPLIST_FILE = YES;
				INFOPLIST_FILE = "Clicker Game/Info.plist";
				INFOPLIST_KEY_UIApplicationSupportsIndirectInputEvents = YES;
				INFOPLIST_KEY_UILaunchStoryboardName = LaunchScreen;
				INFOPLIST_KEY_UIMainStoryboardFile = Main;
				INFOPLIST_KEY_UISupportedInterfaceOrientations_iPad = "UIInterfaceOrientationPortrait UIInterfaceOrientationPortraitUpsideDown UIInterfaceOrientationLandscapeLeft UIInterfaceOrientationLandscapeRight";
				INFOPLIST_KEY_UISupportedInterfaceOrientations_iPhone = "UIInterfaceOrientationPortrait UIInterfaceOrientationLandscapeLeft UIInterfaceOrientationLandscapeRight";
				LD_RUNPATH_SEARCH_PATHS = (
					"$(inherited)",
					"@executable_path/Frameworks",
				);
				MARKETING_VERSION = 1.0;
				PRODUCT_BUNDLE_IDENTIFIER = "rock.Clicker-Game";
				PRODUCT_NAME = "$(TARGET_NAME)";
				SWIFT_EMIT_LOC_STRINGS = YES;
				SWIFT_VERSION = 5.0;
				TARGETED_DEVICE_FAMILY = "1,2";
			};
			name = Debug;
		};
		97E3CB4D2AE16015001ED8E6 /* Release */ = {
			isa = XCBuildConfiguration;
			buildSettings = {
				ASSETCATALOG_COMPILER_APPICON_NAME = AppIcon;
				ASSETCATALOG_COMPILER_GLOBAL_ACCENT_COLOR_NAME = AccentColor;
				CODE_SIGN_STYLE = Automatic;
				CURRENT_PROJECT_VERSION = 1;
				GENERATE_INFOPLIST_FILE = YES;
				INFOPLIST_FILE = "Clicker Game/Info.plist";
				INFOPLIST_KEY_UIApplicationSupportsIndirectInputEvents = YES;
				INFOPLIST_KEY_UILaunchStoryboardName = LaunchScreen;
				INFOPLIST_KEY_UIMainStoryboardFile = Main;
				INFOPLIST_KEY_UISupportedInterfaceOrientations_iPad = "UIInterfaceOrientationPortrait UIInterfaceOrientationPortraitUpsideDown UIInterfaceOrientationLandscapeLeft UIInterfaceOrientationLandscapeRight";
				INFOPLIST_KEY_UISupportedInterfaceOrientations_iPhone = "UIInterfaceOrientationPortrait UIInterfaceOrientationLandscapeLeft UIInterfaceOrientationLandscapeRight";
				LD_RUNPATH_SEARCH_PATHS = (
					"$(inherited)",
					"@executable_path/Frameworks",
				);
				MARKETING_VERSION = 1.0;
				PRODUCT_BUNDLE_IDENTIFIER = "rock.Clicker-Game";
				PRODUCT_NAME = "$(TARGET_NAME)";
				SWIFT_EMIT_LOC_STRINGS = YES;
				SWIFT_VERSION = 5.0;
				TARGETED_DEVICE_FAMILY = "1,2";
			};
			name = Release;
		};
/* End XCBuildConfiguration section */

/* Begin XCConfigurationList section */
		97E3CB322AE16010001ED8E6 /* Build configuration list for PBXProject "Clicker Game" */ = {
			isa = XCConfigurationList;
			buildConfigurations = (
				97E3CB492AE16015001ED8E6 /* Debug */,
				97E3CB4A2AE16015001ED8E6 /* Release */,
			);
			defaultConfigurationIsVisible = 0;
			defaultConfigurationName = Release;
		};
		97E3CB4B2AE16015001ED8E6 /* Build configuration list for PBXNativeTarget "Clicker Game" */ = {
			isa = XCConfigurationList;
			buildConfigurations = (
				97E3CB4C2AE16015001ED8E6 /* Debug */,
				97E3CB4D2AE16015001ED8E6 /* Release */,
			);
			defaultConfigurationIsVisible = 0;
			defaultConfigurationName = Release;
		};
/* End XCConfigurationList section */
	};
	rootObject = 97E3CB2F2AE16010001ED8E6 /* Project object */;
}
